
Microsoft Visual Studio Solution File, Format Version 12.00
# Visual Studio Version 17
VisualStudioVersion = 17.2.32526.322
MinimumVisualStudioVersion = 10.0.40219.1
Project("{FAE04EC0-301F-11D3-BF4B-00C04F79EFBC}") = "Tetris", "Tetris\Tetris.csproj", "{57E02E32-8672-4DBD-83DF-2591650AA4AA}"
EndProject
Global
	GlobalSection(SolutionConfigurationPlatforms) = preSolution
		Debug|Any CPU = Debug|Any CPU
		Release|Any CPU = Release|Any CPU
	EndGlobalSection
	GlobalSection(ProjectConfigurationPlatforms) = postSolution
		{57E02E32-8672-4DBD-83DF-2591650AA4AA}.Debug|Any CPU.ActiveCfg = Debug|Any CPU
		{57E02E32-8672-4DBD-83DF-2591650AA4AA}.Debug|Any CPU.Build.0 = Debug|Any CPU
		{57E02E32-8672-4DBD-83DF-2591650AA4AA}.Release|Any CPU.ActiveCfg = Release|Any CPU
		{57E02E32-8672-4DBD-83DF-2591650AA4AA}.Release|Any CPU.Build.0 = Release|Any CPU
	EndGlobalSection
	GlobalSection(SolutionProperties) = preSolution
		HideSolutionNode = FALSE
	EndGlobalSection
	GlobalSection(ExtensibilityGlobals) = postSolution
		SolutionGuid = {400E87F0-07F5-4A99-BDDA-08B51FE9A9E5}
	EndGlobalSection
EndGlobal
